# This file is automatically @generated by Cargo.
# It is not intended for manual editing.
version = 3

[[package]]
name = "intellectus-lib"
version = "0.1.0"

[[package]]
name = "substrate-kernel"
version = "1.0.0-skeleton"
dependencies = [
 "intellectus-lib",
 "substrate-types",
]

[[package]]
name = "substrate-ml"
version = "1.0.0-skeleton"
dependencies = [
 "intellectus-lib",
 "substrate-kernel",
 "substrate-types",
]

[[package]]
name = "substrate-types"
version = "1.0.0-skeleton"
