# This file is automatically @generated by Cargo.
# It is not intended for manual editing.
version = 3

[[package]]
name = "genius-locus-kit"
version = "0.35.0"
dependencies = [
 "substrate-kernel",
 "substrate-types",
]

[[package]]
name = "substrate-kernel"
version = "1.0.0-skeleton"
dependencies = [
 "substrate-types",
]

[[package]]
name = "substrate-types"
version = "1.0.0-skeleton"
